
Microsoft Visual Studio Solution File, Format Version 12.00
# Visual Studio Version 17
VisualStudioVersion = 17.9.34607.119
MinimumVisualStudioVersion = 10.0.40219.1
Project("{FAE04EC0-301F-11D3-BF4B-00C04F79EFBC}") = "Homework 6-7", "Homework 6-7\Homework 6-7.csproj", "{E69483EE-F5DC-40E8-83C0-98A39B44489F}"
EndProject
Global
	GlobalSection(SolutionConfigurationPlatforms) = preSolution
		Debug|Any CPU = Debug|Any CPU
		Release|Any CPU = Release|Any CPU
	EndGlobalSection
	GlobalSection(ProjectConfigurationPlatforms) = postSolution
		{E69483EE-F5DC-40E8-83C0-98A39B44489F}.Debug|Any CPU.ActiveCfg = Debug|Any CPU
		{E69483EE-F5DC-40E8-83C0-98A39B44489F}.Debug|Any CPU.Build.0 = Debug|Any CPU
		{E69483EE-F5DC-40E8-83C0-98A39B44489F}.Release|Any CPU.ActiveCfg = Release|Any CPU
		{E69483EE-F5DC-40E8-83C0-98A39B44489F}.Release|Any CPU.Build.0 = Release|Any CPU
	EndGlobalSection
	GlobalSection(SolutionProperties) = preSolution
		HideSolutionNode = FALSE
	EndGlobalSection
	GlobalSection(ExtensibilityGlobals) = postSolution
		SolutionGuid = {CEFAA1DA-263A-41DE-B3CC-6B53B7AB41AC}
	EndGlobalSection
EndGlobal
